
Microsoft Visual Studio Solution File, Format Version 12.00
# Visual Studio Version 17
VisualStudioVersion = 17.2.32602.215
MinimumVisualStudioVersion = 10.0.40219.1
Project("{9A19103F-16F7-4668-BE54-9A1E7A4F7556}") = "Honoo.Randoom", "Honoo.Randoom\Honoo.Randoom.csproj", "{4787FE1F-D267-4BED-BC71-1424C9074876}"
EndProject
Project("{9A19103F-16F7-4668-BE54-9A1E7A4F7556}") = "Test", "Test\Test.csproj", "{CA2ACDE0-3879-4B2E-B20B-3151151804F0}"
EndProject
Project("{FAE04EC0-301F-11D3-BF4B-00C04F79EFBC}") = "Demo", "Demo\Demo.csproj", "{2A06269B-EF19-4853-9892-489E7869AA81}"
EndProject
Global
	GlobalSection(SolutionConfigurationPlatforms) = preSolution
		Debug|Any CPU = Debug|Any CPU
		Release|Any CPU = Release|Any CPU
	EndGlobalSection
	GlobalSection(ProjectConfigurationPlatforms) = postSolution
		{4787FE1F-D267-4BED-BC71-1424C9074876}.Debug|Any CPU.ActiveCfg = Debug|Any CPU
		{4787FE1F-D267-4BED-BC71-1424C9074876}.Debug|Any CPU.Build.0 = Debug|Any CPU
		{4787FE1F-D267-4BED-BC71-1424C9074876}.Release|Any CPU.ActiveCfg = Release|Any CPU
		{4787FE1F-D267-4BED-BC71-1424C9074876}.Release|Any CPU.Build.0 = Release|Any CPU
		{CA2ACDE0-3879-4B2E-B20B-3151151804F0}.Debug|Any CPU.ActiveCfg = Debug|Any CPU
		{CA2ACDE0-3879-4B2E-B20B-3151151804F0}.Debug|Any CPU.Build.0 = Debug|Any CPU
		{CA2ACDE0-3879-4B2E-B20B-3151151804F0}.Release|Any CPU.ActiveCfg = Release|Any CPU
		{CA2ACDE0-3879-4B2E-B20B-3151151804F0}.Release|Any CPU.Build.0 = Release|Any CPU
		{2A06269B-EF19-4853-9892-489E7869AA81}.Debug|Any CPU.ActiveCfg = Debug|Any CPU
		{2A06269B-EF19-4853-9892-489E7869AA81}.Debug|Any CPU.Build.0 = Debug|Any CPU
		{2A06269B-EF19-4853-9892-489E7869AA81}.Release|Any CPU.ActiveCfg = Release|Any CPU
		{2A06269B-EF19-4853-9892-489E7869AA81}.Release|Any CPU.Build.0 = Release|Any CPU
	EndGlobalSection
	GlobalSection(SolutionProperties) = preSolution
		HideSolutionNode = FALSE
	EndGlobalSection
	GlobalSection(ExtensibilityGlobals) = postSolution
		SolutionGuid = {D995C689-F85C-4AAF-8EAD-B6EB873AFAD7}
	EndGlobalSection
EndGlobal
